
Microsoft Visual Studio Solution File, Format Version 12.00
# Visual Studio Version 17
VisualStudioVersion = 17.5.33424.131
MinimumVisualStudioVersion = 10.0.40219.1
Project("{FAE04EC0-301F-11D3-BF4B-00C04F79EFBC}") = "vbr-state-machine-console", "vbr-state-machine-console\vbr-state-machine-console.csproj", "{95D719CC-A1C8-42B1-9690-DB473788DD47}"
EndProject
Global
	GlobalSection(SolutionConfigurationPlatforms) = preSolution
		Debug|Any CPU = Debug|Any CPU
		Release|Any CPU = Release|Any CPU
	EndGlobalSection
	GlobalSection(ProjectConfigurationPlatforms) = postSolution
		{95D719CC-A1C8-42B1-9690-DB473788DD47}.Debug|Any CPU.ActiveCfg = Debug|Any CPU
		{95D719CC-A1C8-42B1-9690-DB473788DD47}.Debug|Any CPU.Build.0 = Debug|Any CPU
		{95D719CC-A1C8-42B1-9690-DB473788DD47}.Release|Any CPU.ActiveCfg = Release|Any CPU
		{95D719CC-A1C8-42B1-9690-DB473788DD47}.Release|Any CPU.Build.0 = Release|Any CPU
	EndGlobalSection
	GlobalSection(SolutionProperties) = preSolution
		HideSolutionNode = FALSE
	EndGlobalSection
	GlobalSection(ExtensibilityGlobals) = postSolution
		SolutionGuid = {A252BAA3-F6AE-4409-970C-12146530BA2B}
	EndGlobalSection
EndGlobal
